
Microsoft Visual Studio Solution File, Format Version 12.00
# Visual Studio Version 17
VisualStudioVersion = 17.2.32630.192
MinimumVisualStudioVersion = 10.0.40219.1
Project("{9A19103F-16F7-4668-BE54-9A1E7A4F7556}") = "R5T.NG0026.Construction", "R5T.NG0026.Construction\R5T.NG0026.Construction.csproj", "{7164F3B1-8997-4FA0-A3B4-624C2A6FDD53}"
EndProject
Project("{9A19103F-16F7-4668-BE54-9A1E7A4F7556}") = "R5T.NG0026", "R5T.NG0026\R5T.NG0026.csproj", "{54C31488-C0E0-4629-BDCA-8C530AD034CC}"
EndProject
Global
	GlobalSection(SolutionConfigurationPlatforms) = preSolution
		Debug|Any CPU = Debug|Any CPU
		Release|Any CPU = Release|Any CPU
	EndGlobalSection
	GlobalSection(ProjectConfigurationPlatforms) = postSolution
		{7164F3B1-8997-4FA0-A3B4-624C2A6FDD53}.Debug|Any CPU.ActiveCfg = Debug|Any CPU
		{7164F3B1-8997-4FA0-A3B4-624C2A6FDD53}.Debug|Any CPU.Build.0 = Debug|Any CPU
		{7164F3B1-8997-4FA0-A3B4-624C2A6FDD53}.Release|Any CPU.ActiveCfg = Release|Any CPU
		{7164F3B1-8997-4FA0-A3B4-624C2A6FDD53}.Release|Any CPU.Build.0 = Release|Any CPU
		{54C31488-C0E0-4629-BDCA-8C530AD034CC}.Debug|Any CPU.ActiveCfg = Debug|Any CPU
		{54C31488-C0E0-4629-BDCA-8C530AD034CC}.Debug|Any CPU.Build.0 = Debug|Any CPU
		{54C31488-C0E0-4629-BDCA-8C530AD034CC}.Release|Any CPU.ActiveCfg = Release|Any CPU
		{54C31488-C0E0-4629-BDCA-8C530AD034CC}.Release|Any CPU.Build.0 = Release|Any CPU
	EndGlobalSection
	GlobalSection(SolutionProperties) = preSolution
		HideSolutionNode = FALSE
	EndGlobalSection
	GlobalSection(ExtensibilityGlobals) = postSolution
		SolutionGuid = {E24B4655-279B-4307-87C0-852014862231}
	EndGlobalSection
EndGlobal
